
Microsoft Visual Studio Solution File, Format Version 12.00
# Visual Studio 15
Project("{FAE04EC0-301F-11D3-BF4B-00C04F79EFBC}") = "001_WhacAMole", "001_WhacAMole.csproj", "{E1A36A3E-1BFA-7BE9-F20F-8DCC48CE796B}"
EndProject
Global
	GlobalSection(SolutionConfigurationPlatforms) = preSolution
		Debug|Any CPU = Debug|Any CPU
		Release|Any CPU = Release|Any CPU
	EndGlobalSection
	GlobalSection(ProjectConfigurationPlatforms) = postSolution
		{E1A36A3E-1BFA-7BE9-F20F-8DCC48CE796B}.Debug|Any CPU.ActiveCfg = Debug|Any CPU
		{E1A36A3E-1BFA-7BE9-F20F-8DCC48CE796B}.Debug|Any CPU.Build.0 = Debug|Any CPU
		{E1A36A3E-1BFA-7BE9-F20F-8DCC48CE796B}.Release|Any CPU.ActiveCfg = Release|Any CPU
		{E1A36A3E-1BFA-7BE9-F20F-8DCC48CE796B}.Release|Any CPU.Build.0 = Release|Any CPU
	EndGlobalSection
	GlobalSection(SolutionProperties) = preSolution
		HideSolutionNode = FALSE
	EndGlobalSection
EndGlobal
